// !$*UTF8*$!
{
	archiveVersion = 1;
	classes = {
	};
	objectVersion = 55;
	objects = {

/* Begin PBXBuildFile section */
		F8A4378627BAA579009A7958 /* EFREI_SwiftProjectApp.swift in Sources */ = {isa = PBXBuildFile; fileRef = F8A4378527BAA579009A7958 /* EFREI_SwiftProjectApp.swift */; };
		F8A4378A27BAA57B009A7958 /* Assets.xcassets in Resources */ = {isa = PBXBuildFile; fileRef = F8A4378927BAA57B009A7958 /* Assets.xcassets */; };
		F8A4378D27BAA57B009A7958 /* Preview Assets.xcassets in Resources */ = {isa = PBXBuildFile; fileRef = F8A4378C27BAA57B009A7958 /* Preview Assets.xcassets */; };
		F8A4379727BAA57B009A7958 /* EFREI_SwiftProjectTests.swift in Sources */ = {isa = PBXBuildFile; fileRef = F8A4379627BAA57B009A7958 /* EFREI_SwiftProjectTests.swift */; };
		F8A437A127BAA57B009A7958 /* EFREI_SwiftProjectUITests.swift in Sources */ = {isa = PBXBuildFile; fileRef = F8A437A027BAA57B009A7958 /* EFREI_SwiftProjectUITests.swift */; };
		F8A437A327BAA57B009A7958 /* EFREI_SwiftProjectUITestsLaunchTests.swift in Sources */ = {isa = PBXBuildFile; fileRef = F8A437A227BAA57B009A7958 /* EFREI_SwiftProjectUITestsLaunchTests.swift */; };
		F8A437B327BAA615009A7958 /* _1511View.swift in Sources */ = {isa = PBXBuildFile; fileRef = F8A437B227BAA615009A7958 /* _1511View.swift */; };
		F8A437B527BAA624009A7958 /* TasksView.swift in Sources */ = {isa = PBXBuildFile; fileRef = F8A437B427BAA624009A7958 /* TasksView.swift */; };
		F8A437B927BAA6A7009A7958 /* Schedule.swift in Sources */ = {isa = PBXBuildFile; fileRef = F8A437B827BAA6A7009A7958 /* Schedule.swift */; };
		F8A437BB27BAA6B4009A7958 /* ModelData.swift in Sources */ = {isa = PBXBuildFile; fileRef = F8A437BA27BAA6B4009A7958 /* ModelData.swift */; };
		F8A437BF27BAA6EE009A7958 /* ViewModel.swift in Sources */ = {isa = PBXBuildFile; fileRef = F8A437BC27BAA6D0009A7958 /* ViewModel.swift */; };
		F8A437C227BAA808009A7958 /* scheduleData.json in Resources */ = {isa = PBXBuildFile; fileRef = F8A437C127BAA808009A7958 /* scheduleData.json */; };
		F8A437C427BAA873009A7958 /* ContentView.swift in Sources */ = {isa = PBXBuildFile; fileRef = F8A437C327BAA873009A7958 /* ContentView.swift */; };
		F8A437C627BAAA37009A7958 /* DetailTask.swift in Sources */ = {isa = PBXBuildFile; fileRef = F8A437C527BAAA37009A7958 /* DetailTask.swift */; };
		F8A437C827BAB12E009A7958 /* _1611View.swift in Sources */ = {isa = PBXBuildFile; fileRef = F8A437C727BAB12E009A7958 /* _1611View.swift */; };
/* End PBXBuildFile section */

/* Begin PBXContainerItemProxy section */
		F8A4379327BAA57B009A7958 /* PBXContainerItemProxy */ = {
			isa = PBXContainerItemProxy;
			containerPortal = F8A4377A27BAA579009A7958 /* Project object */;
			proxyType = 1;
			remoteGlobalIDString = F8A4378127BAA579009A7958;
			remoteInfo = "EFREI-SwiftProject";
		};
		F8A4379D27BAA57B009A7958 /* PBXContainerItemProxy */ = {
			isa = PBXContainerItemProxy;
			containerPortal = F8A4377A27BAA579009A7958 /* Project object */;
			proxyType = 1;
			remoteGlobalIDString = F8A4378127BAA579009A7958;
			remoteInfo = "EFREI-SwiftProject";
		};
/* End PBXContainerItemProxy section */

/* Begin PBXFileReference section */
		F8A4378227BAA579009A7958 /* EFREI-SwiftProject.app */ = {isa = PBXFileReference; explicitFileType = wrapper.application; includeInIndex = 0; path = "EFREI-SwiftProject.app"; sourceTree = BUILT_PRODUCTS_DIR; };
		F8A4378527BAA579009A7958 /* EFREI_SwiftProjectApp.swift */ = {isa = PBXFileReference; lastKnownFileType = sourcecode.swift; path = EFREI_SwiftProjectApp.swift; sourceTree = "<group>"; };
		F8A4378927BAA57B009A7958 /* Assets.xcassets */ = {isa = PBXFileReference; lastKnownFileType = folder.assetcatalog; path = Assets.xcassets; sourceTree = "<group>"; };
		F8A4378C27BAA57B009A7958 /* Preview Assets.xcassets */ = {isa = PBXFileReference; lastKnownFileType = folder.assetcatalog; path = "Preview Assets.xcassets"; sourceTree = "<group>"; };
		F8A4379227BAA57B009A7958 /* EFREI-SwiftProjectTests.xctest */ = {isa = PBXFileReference; explicitFileType = wrapper.cfbundle; includeInIndex = 0; path = "EFREI-SwiftProjectTests.xctest"; sourceTree = BUILT_PRODUCTS_DIR; };
		F8A4379627BAA57B009A7958 /* EFREI_SwiftProjectTests.swift */ = {isa = PBXFileReference; lastKnownFileType = sourcecode.swift; path = EFREI_SwiftProjectTests.swift; sourceTree = "<group>"; };
		F8A4379C27BAA57B009A7958 /* EFREI-SwiftProjectUITests.xctest */ = {isa = PBXFileReference; explicitFileType = wrapper.cfbundle; includeInIndex = 0; path = "EFREI-SwiftProjectUITests.xctest"; sourceTree = BUILT_PRODUCTS_DIR; };
		F8A437A027BAA57B009A7958 /* EFREI_SwiftProjectUITests.swift */ = {isa = PBXFileReference; lastKnownFileType = sourcecode.swift; path = EFREI_SwiftProjectUITests.swift; sourceTree = "<group>"; };
		F8A437A227BAA57B009A7958 /* EFREI_SwiftProjectUITestsLaunchTests.swift */ = {isa = PBXFileReference; lastKnownFileType = sourcecode.swift; path = EFREI_SwiftProjectUITestsLaunchTests.swift; sourceTree = "<group>"; };
		F8A437B227BAA615009A7958 /* _1511View.swift */ = {isa = PBXFileReference; lastKnownFileType = sourcecode.swift; path = _1511View.swift; sourceTree = "<group>"; };
		F8A437B427BAA624009A7958 /* TasksView.swift */ = {isa = PBXFileReference; lastKnownFileType = sourcecode.swift; path = TasksView.swift; sourceTree = "<group>"; };
		F8A437B827BAA6A7009A7958 /* Schedule.swift */ = {isa = PBXFileReference; lastKnownFileType = sourcecode.swift; path = Schedule.swift; sourceTree = "<group>"; };
		F8A437BA27BAA6B4009A7958 /* ModelData.swift */ = {isa = PBXFileReference; lastKnownFileType = sourcecode.swift; path = ModelData.swift; sourceTree = "<group>"; };
		F8A437BC27BAA6D0009A7958 /* ViewModel.swift */ = {isa = PBXFileReference; lastKnownFileType = sourcecode.swift; path = ViewModel.swift; sourceTree = "<group>"; };
		F8A437C127BAA808009A7958 /* scheduleData.json */ = {isa = PBXFileReference; fileEncoding = 4; lastKnownFileType = text.json; path = scheduleData.json; sourceTree = "<group>"; };
		F8A437C327BAA873009A7958 /* ContentView.swift */ = {isa = PBXFileReference; fileEncoding = 4; lastKnownFileType = sourcecode.swift; path = ContentView.swift; sourceTree = "<group>"; };
		F8A437C527BAAA37009A7958 /* DetailTask.swift */ = {isa = PBXFileReference; lastKnownFileType = sourcecode.swift; path = DetailTask.swift; sourceTree = "<group>"; };
		F8A437C727BAB12E009A7958 /* _1611View.swift */ = {isa = PBXFileReference; lastKnownFileType = sourcecode.swift; path = _1611View.swift; sourceTree = "<group>"; };
/* End PBXFileReference section */

/* Begin PBXFrameworksBuildPhase section */
		F8A4377F27BAA579009A7958 /* Frameworks */ = {
			isa = PBXFrameworksBuildPhase;
			buildActionMask = 2147483647;
			files = (
			);
			runOnlyForDeploymentPostprocessing = 0;
		};
		F8A4378F27BAA57B009A7958 /* Frameworks */ = {
			isa = PBXFrameworksBuildPhase;
			buildActionMask = 2147483647;
			files = (
			);
			runOnlyForDeploymentPostprocessing = 0;
		};
		F8A4379927BAA57B009A7958 /* Frameworks */ = {
			isa = PBXFrameworksBuildPhase;
			buildActionMask = 2147483647;
			files = (
			);
			runOnlyForDeploymentPostprocessing = 0;
		};
/* End PBXFrameworksBuildPhase section */

/* Begin PBXGroup section */
		F8A4377927BAA579009A7958 = {
			isa = PBXGroup;
			children = (
				F8A4378427BAA579009A7958 /* EFREI-SwiftProject */,
				F8A4379527BAA57B009A7958 /* EFREI-SwiftProjectTests */,
				F8A4379F27BAA57B009A7958 /* EFREI-SwiftProjectUITests */,
				F8A4378327BAA579009A7958 /* Products */,
			);
			sourceTree = "<group>";
		};
		F8A4378327BAA579009A7958 /* Products */ = {
			isa = PBXGroup;
			children = (
				F8A4378227BAA579009A7958 /* EFREI-SwiftProject.app */,
				F8A4379227BAA57B009A7958 /* EFREI-SwiftProjectTests.xctest */,
				F8A4379C27BAA57B009A7958 /* EFREI-SwiftProjectUITests.xctest */,
			);
			name = Products;
			sourceTree = "<group>";
		};
		F8A4378427BAA579009A7958 /* EFREI-SwiftProject */ = {
			isa = PBXGroup;
			children = (
				F8A437BC27BAA6D0009A7958 /* ViewModel.swift */,
				F8A437AF27BAA5E8009A7958 /* Views */,
				F8A437B627BAA633009A7958 /* Ressources */,
				F8A437B727BAA697009A7958 /* Model */,
				F8A4378527BAA579009A7958 /* EFREI_SwiftProjectApp.swift */,
				F8A4378B27BAA57B009A7958 /* Preview Content */,
			);
			path = "EFREI-SwiftProject";
			sourceTree = "<group>";
		};
		F8A4378B27BAA57B009A7958 /* Preview Content */ = {
			isa = PBXGroup;
			children = (
				F8A4378C27BAA57B009A7958 /* Preview Assets.xcassets */,
			);
			path = "Preview Content";
			sourceTree = "<group>";
		};
		F8A4379527BAA57B009A7958 /* EFREI-SwiftProjectTests */ = {
			isa = PBXGroup;
			children = (
				F8A4379627BAA57B009A7958 /* EFREI_SwiftProjectTests.swift */,
			);
			path = "EFREI-SwiftProjectTests";
			sourceTree = "<group>";
		};
		F8A4379F27BAA57B009A7958 /* EFREI-SwiftProjectUITests */ = {
			isa = PBXGroup;
			children = (
				F8A437A027BAA57B009A7958 /* EFREI_SwiftProjectUITests.swift */,
				F8A437A227BAA57B009A7958 /* EFREI_SwiftProjectUITestsLaunchTests.swift */,
			);
			path = "EFREI-SwiftProjectUITests";
			sourceTree = "<group>";
		};
		F8A437AF27BAA5E8009A7958 /* Views */ = {
			isa = PBXGroup;
			children = (
				F8A437C327BAA873009A7958 /* ContentView.swift */,
				F8A437B227BAA615009A7958 /* _1511View.swift */,
				F8A437C727BAB12E009A7958 /* _1611View.swift */,
				F8A437B427BAA624009A7958 /* TasksView.swift */,
				F8A437C527BAAA37009A7958 /* DetailTask.swift */,
			);
			path = Views;
			sourceTree = "<group>";
		};
		F8A437B627BAA633009A7958 /* Ressources */ = {
			isa = PBXGroup;
			children = (
				F8A437C127BAA808009A7958 /* scheduleData.json */,
				F8A4378927BAA57B009A7958 /* Assets.xcassets */,
			);
			path = Ressources;
			sourceTree = "<group>";
		};
		F8A437B727BAA697009A7958 /* Model */ = {
			isa = PBXGroup;
			children = (
				F8A437B827BAA6A7009A7958 /* Schedule.swift */,
				F8A437BA27BAA6B4009A7958 /* ModelData.swift */,
			);
			path = Model;
			sourceTree = "<group>";
		};
/* End PBXGroup section */

/* Begin PBXNativeTarget section */
		F8A4378127BAA579009A7958 /* EFREI-SwiftProject */ = {
			isa = PBXNativeTarget;
			buildConfigurationList = F8A437A627BAA57B009A7958 /* Build configuration list for PBXNativeTarget "EFREI-SwiftProject" */;
			buildPhases = (
				F8A4377E27BAA579009A7958 /* Sources */,
				F8A4377F27BAA579009A7958 /* Frameworks */,
				F8A4378027BAA579009A7958 /* Resources */,
			);
			buildRules = (
			);
			dependencies = (
			);
			name = "EFREI-SwiftProject";
			productName = "EFREI-SwiftProject";
			productReference = F8A4378227BAA579009A7958 /* EFREI-SwiftProject.app */;
			productType = "com.apple.product-type.application";
		};
		F8A4379127BAA57B009A7958 /* EFREI-SwiftProjectTests */ = {
			isa = PBXNativeTarget;
			buildConfigurationList = F8A437A927BAA57B009A7958 /* Build configuration list for PBXNativeTarget "EFREI-SwiftProjectTests" */;
			buildPhases = (
				F8A4378E27BAA57B009A7958 /* Sources */,
				F8A4378F27BAA57B009A7958 /* Frameworks */,
				F8A4379027BAA57B009A7958 /* Resources */,
			);
			buildRules = (
			);
			dependencies = (
				F8A4379427BAA57B009A7958 /* PBXTargetDependency */,
			);
			name = "EFREI-SwiftProjectTests";
			productName = "EFREI-SwiftProjectTests";
			productReference = F8A4379227BAA57B009A7958 /* EFREI-SwiftProjectTests.xctest */;
			productType = "com.apple.product-type.bundle.unit-test";
		};
		F8A4379B27BAA57B009A7958 /* EFREI-SwiftProjectUITests */ = {
			isa = PBXNativeTarget;
			buildConfigurationList = F8A437AC27BAA57B009A7958 /* Build configuration list for PBXNativeTarget "EFREI-SwiftProjectUITests" */;
			buildPhases = (
				F8A4379827BAA57B009A7958 /* Sources */,
				F8A4379927BAA57B009A7958 /* Frameworks */,
				F8A4379A27BAA57B009A7958 /* Resources */,
			);
			buildRules = (
			);
			dependencies = (
				F8A4379E27BAA57B009A7958 /* PBXTargetDependency */,
			);
			name = "EFREI-SwiftProjectUITests";
			productName = "EFREI-SwiftProjectUITests";
			productReference = F8A4379C27BAA57B009A7958 /* EFREI-SwiftProjectUITests.xctest */;
			productType = "com.apple.product-type.bundle.ui-testing";
		};
/* End PBXNativeTarget section */

/* Begin PBXProject section */
		F8A4377A27BAA579009A7958 /* Project object */ = {
			isa = PBXProject;
			attributes = {
				BuildIndependentTargetsInParallel = 1;
				LastSwiftUpdateCheck = 1320;
				LastUpgradeCheck = 1320;
				TargetAttributes = {
					F8A4378127BAA579009A7958 = {
						CreatedOnToolsVersion = 13.2.1;
					};
					F8A4379127BAA57B009A7958 = {
						CreatedOnToolsVersion = 13.2.1;
						TestTargetID = F8A4378127BAA579009A7958;
					};
					F8A4379B27BAA57B009A7958 = {
						CreatedOnToolsVersion = 13.2.1;
						TestTargetID = F8A4378127BAA579009A7958;
					};
				};
			};
			buildConfigurationList = F8A4377D27BAA579009A7958 /* Build configuration list for PBXProject "EFREI-SwiftProject" */;
			compatibilityVersion = "Xcode 13.0";
			developmentRegion = en;
			hasScannedForEncodings = 0;
			knownRegions = (
				en,
				Base,
			);
			mainGroup = F8A4377927BAA579009A7958;
			productRefGroup = F8A4378327BAA579009A7958 /* Products */;
			projectDirPath = "";
			projectRoot = "";
			targets = (
				F8A4378127BAA579009A7958 /* EFREI-SwiftProject */,
				F8A4379127BAA57B009A7958 /* EFREI-SwiftProjectTests */,
				F8A4379B27BAA57B009A7958 /* EFREI-SwiftProjectUITests */,
			);
		};
/* End PBXProject section */

/* Begin PBXResourcesBuildPhase section */
		F8A4378027BAA579009A7958 /* Resources */ = {
			isa = PBXResourcesBuildPhase;
			buildActionMask = 2147483647;
			files = (
				F8A4378D27BAA57B009A7958 /* Preview Assets.xcassets in Resources */,
				F8A4378A27BAA57B009A7958 /* Assets.xcassets in Resources */,
				F8A437C227BAA808009A7958 /* scheduleData.json in Resources */,
			);
			runOnlyForDeploymentPostprocessing = 0;
		};
		F8A4379027BAA57B009A7958 /* Resources */ = {
			isa = PBXResourcesBuildPhase;
			buildActionMask = 2147483647;
			files = (
			);
			runOnlyForDeploymentPostprocessing = 0;
		};
		F8A4379A27BAA57B009A7958 /* Resources */ = {
			isa = PBXResourcesBuildPhase;
			buildActionMask = 2147483647;
			files = (
			);
			runOnlyForDeploymentPostprocessing = 0;
		};
/* End PBXResourcesBuildPhase section */

/* Begin PBXSourcesBuildPhase section */
		F8A4377E27BAA579009A7958 /* Sources */ = {
			isa = PBXSourcesBuildPhase;
			buildActionMask = 2147483647;
			files = (
				F8A437B527BAA624009A7958 /* TasksView.swift in Sources */,
				F8A437C627BAAA37009A7958 /* DetailTask.swift in Sources */,
				F8A437B327BAA615009A7958 /* _1511View.swift in Sources */,
				F8A437C427BAA873009A7958 /* ContentView.swift in Sources */,
				F8A437B927BAA6A7009A7958 /* Schedule.swift in Sources */,
				F8A4378627BAA579009A7958 /* EFREI_SwiftProjectApp.swift in Sources */,
				F8A437BB27BAA6B4009A7958 /* ModelData.swift in Sources */,
				F8A437BF27BAA6EE009A7958 /* ViewModel.swift in Sources */,
				F8A437C827BAB12E009A7958 /* _1611View.swift in Sources */,
			);
			runOnlyForDeploymentPostprocessing = 0;
		};
		F8A4378E27BAA57B009A7958 /* Sources */ = {
			isa = PBXSourcesBuildPhase;
			buildActionMask = 2147483647;
			files = (
				F8A4379727BAA57B009A7958 /* EFREI_SwiftProjectTests.swift in Sources */,
			);
			runOnlyForDeploymentPostprocessing = 0;
		};
		F8A4379827BAA57B009A7958 /* Sources */ = {
			isa = PBXSourcesBuildPhase;
			buildActionMask = 2147483647;
			files = (
				F8A437A327BAA57B009A7958 /* EFREI_SwiftProjectUITestsLaunchTests.swift in Sources */,
				F8A437A127BAA57B009A7958 /* EFREI_SwiftProjectUITests.swift in Sources */,
			);
			runOnlyForDeploymentPostprocessing = 0;
		};
/* End PBXSourcesBuildPhase section */

/* Begin PBXTargetDependency section */
		F8A4379427BAA57B009A7958 /* PBXTargetDependency */ = {
			isa = PBXTargetDependency;
			target = F8A4378127BAA579009A7958 /* EFREI-SwiftProject */;
			targetProxy = F8A4379327BAA57B009A7958 /* PBXContainerItemProxy */;
		};
		F8A4379E27BAA57B009A7958 /* PBXTargetDependency */ = {
			isa = PBXTargetDependency;
			target = F8A4378127BAA579009A7958 /* EFREI-SwiftProject */;
			targetProxy = F8A4379D27BAA57B009A7958 /* PBXContainerItemProxy */;
		};
/* End PBXTargetDependency section */

/* Begin XCBuildConfiguration section */
		F8A437A427BAA57B009A7958 /* Debug */ = {
			isa = XCBuildConfiguration;
			buildSettings = {
				ALWAYS_SEARCH_USER_PATHS = NO;
				CLANG_ANALYZER_NONNULL = YES;
				CLANG_ANALYZER_NUMBER_OBJECT_CONVERSION = YES_AGGRESSIVE;
				CLANG_CXX_LANGUAGE_STANDARD = "gnu++17";
				CLANG_CXX_LIBRARY = "libc++";
				CLANG_ENABLE_MODULES = YES;
				CLANG_ENABLE_OBJC_ARC = YES;
				CLANG_ENABLE_OBJC_WEAK = YES;
				CLANG_WARN_BLOCK_CAPTURE_AUTORELEASING = YES;
				CLANG_WARN_BOOL_CONVERSION = YES;
				CLANG_WARN_COMMA = YES;
				CLANG_WARN_CONSTANT_CONVERSION = YES;
				CLANG_WARN_DEPRECATED_OBJC_IMPLEMENTATIONS = YES;
				CLANG_WARN_DIRECT_OBJC_ISA_USAGE = YES_ERROR;
				CLANG_WARN_DOCUMENTATION_COMMENTS = YES;
				CLANG_WARN_EMPTY_BODY = YES;
				CLANG_WARN_ENUM_CONVERSION = YES;
				CLANG_WARN_INFINITE_RECURSION = YES;
				CLANG_WARN_INT_CONVERSION = YES;
				CLANG_WARN_NON_LITERAL_NULL_CONVERSION = YES;
				CLANG_WARN_OBJC_IMPLICIT_RETAIN_SELF = YES;
				CLANG_WARN_OBJC_LITERAL_CONVERSION = YES;
				CLANG_WARN_OBJC_ROOT_CLASS = YES_ERROR;
				CLANG_WARN_QUOTED_INCLUDE_IN_FRAMEWORK_HEADER = YES;
				CLANG_WARN_RANGE_LOOP_ANALYSIS = YES;
				CLANG_WARN_STRICT_PROTOTYPES = YES;
				CLANG_WARN_SUSPICIOUS_MOVE = YES;
				CLANG_WARN_UNGUARDED_AVAILABILITY = YES_AGGRESSIVE;
				CLANG_WARN_UNREACHABLE_CODE = YES;
				CLANG_WARN__DUPLICATE_METHOD_MATCH = YES;
				COPY_PHASE_STRIP = NO;
				DEBUG_INFORMATION_FORMAT = dwarf;
				ENABLE_STRICT_OBJC_MSGSEND = YES;
				ENABLE_TESTABILITY = YES;
				GCC_C_LANGUAGE_STANDARD = gnu11;
				GCC_DYNAMIC_NO_PIC = NO;
				GCC_NO_COMMON_BLOCKS = YES;
				GCC_OPTIMIZATION_LEVEL = 0;
				GCC_PREPROCESSOR_DEFINITIONS = (
					"DEBUG=1",
					"$(inherited)",
				);
				GCC_WARN_64_TO_32_BIT_CONVERSION = YES;
				GCC_WARN_ABOUT_RETURN_TYPE = YES_ERROR;
				GCC_WARN_UNDECLARED_SELECTOR = YES;
				GCC_WARN_UNINITIALIZED_AUTOS = YES_AGGRESSIVE;
				GCC_WARN_UNUSED_FUNCTION = YES;
				GCC_WARN_UNUSED_VARIABLE = YES;
				IPHONEOS_DEPLOYMENT_TARGET = 15.2;
				MTL_ENABLE_DEBUG_INFO = INCLUDE_SOURCE;
				MTL_FAST_MATH = YES;
				ONLY_ACTIVE_ARCH = YES;
				SDKROOT = iphoneos;
				SWIFT_ACTIVE_COMPILATION_CONDITIONS = DEBUG;
				SWIFT_OPTIMIZATION_LEVEL = "-Onone";
			};
			name = Debug;
		};
		F8A437A527BAA57B009A7958 /* Release */ = {
			isa = XCBuildConfiguration;
			buildSettings = {
				ALWAYS_SEARCH_USER_PATHS = NO;
				CLANG_ANALYZER_NONNULL = YES;
				CLANG_ANALYZER_NUMBER_OBJECT_CONVERSION = YES_AGGRESSIVE;
				CLANG_CXX_LANGUAGE_STANDARD = "gnu++17";
				CLANG_CXX_LIBRARY = "libc++";
				CLANG_ENABLE_MODULES = YES;
				CLANG_ENABLE_OBJC_ARC = YES;
				CLANG_ENABLE_OBJC_WEAK = YES;
				CLANG_WARN_BLOCK_CAPTURE_AUTORELEASING = YES;
				CLANG_WARN_BOOL_CONVERSION = YES;
				CLANG_WARN_COMMA = YES;
				CLANG_WARN_CONSTANT_CONVERSION = YES;
				CLANG_WARN_DEPRECATED_OBJC_IMPLEMENTATIONS = YES;
				CLANG_WARN_DIRECT_OBJC_ISA_USAGE = YES_ERROR;
				CLANG_WARN_DOCUMENTATION_COMMENTS = YES;
				CLANG_WARN_EMPTY_BODY = YES;
				CLANG_WARN_ENUM_CONVERSION = YES;
				CLANG_WARN_INFINITE_RECURSION = YES;
				CLANG_WARN_INT_CONVERSION = YES;
				CLANG_WARN_NON_LITERAL_NULL_CONVERSION = YES;
				CLANG_WARN_OBJC_IMPLICIT_RETAIN_SELF = YES;
				CLANG_WARN_OBJC_LITERAL_CONVERSION = YES;
				CLANG_WARN_OBJC_ROOT_CLASS = YES_ERROR;
				CLANG_WARN_QUOTED_INCLUDE_IN_FRAMEWORK_HEADER = YES;
				CLANG_WARN_RANGE_LOOP_ANALYSIS = YES;
				CLANG_WARN_STRICT_PROTOTYPES = YES;
				CLANG_WARN_SUSPICIOUS_MOVE = YES;
				CLANG_WARN_UNGUARDED_AVAILABILITY = YES_AGGRESSIVE;
				CLANG_WARN_UNREACHABLE_CODE = YES;
				CLANG_WARN__DUPLICATE_METHOD_MATCH = YES;
				COPY_PHASE_STRIP = NO;
				DEBUG_INFORMATION_FORMAT = "dwarf-with-dsym";
				ENABLE_NS_ASSERTIONS = NO;
				ENABLE_STRICT_OBJC_MSGSEND = YES;
				GCC_C_LANGUAGE_STANDARD = gnu11;
				GCC_NO_COMMON_BLOCKS = YES;
				GCC_WARN_64_TO_32_BIT_CONVERSION = YES;
				GCC_WARN_ABOUT_RETURN_TYPE = YES_ERROR;
				GCC_WARN_UNDECLARED_SELECTOR = YES;
				GCC_WARN_UNINITIALIZED_AUTOS = YES_AGGRESSIVE;
				GCC_WARN_UNUSED_FUNCTION = YES;
				GCC_WARN_UNUSED_VARIABLE = YES;
				IPHONEOS_DEPLOYMENT_TARGET = 15.2;
				MTL_ENABLE_DEBUG_INFO = NO;
				MTL_FAST_MATH = YES;
				SDKROOT = iphoneos;
				SWIFT_COMPILATION_MODE = wholemodule;
				SWIFT_OPTIMIZATION_LEVEL = "-O";
				VALIDATE_PRODUCT = YES;
			};
			name = Release;
		};
		F8A437A727BAA57B009A7958 /* Debug */ = {
			isa = XCBuildConfiguration;
			buildSettings = {
				ASSETCATALOG_COMPILER_APPICON_NAME = AppIcon;
				ASSETCATALOG_COMPILER_GLOBAL_ACCENT_COLOR_NAME = AccentColor;
				CODE_SIGN_STYLE = Automatic;
				CURRENT_PROJECT_VERSION = 1;
				DEVELOPMENT_ASSET_PATHS = "\"EFREI-SwiftProject/Preview Content\"";
				ENABLE_PREVIEWS = YES;
				GENERATE_INFOPLIST_FILE = YES;
				INFOPLIST_KEY_UIApplicationSceneManifest_Generation = YES;
				INFOPLIST_KEY_UIApplicationSupportsIndirectInputEvents = YES;
				INFOPLIST_KEY_UILaunchScreen_Generation = YES;
				INFOPLIST_KEY_UISupportedInterfaceOrientations_iPad = "UIInterfaceOrientationPortrait UIInterfaceOrientationPortraitUpsideDown UIInterfaceOrientationLandscapeLeft UIInterfaceOrientationLandscapeRight";
				INFOPLIST_KEY_UISupportedInterfaceOrientations_iPhone = "UIInterfaceOrientationPortrait UIInterfaceOrientationLandscapeLeft UIInterfaceOrientationLandscapeRight";
				LD_RUNPATH_SEARCH_PATHS = (
					"$(inherited)",
					"@executable_path/Frameworks",
				);
				MARKETING_VERSION = 1.0;
				PRODUCT_BUNDLE_IDENTIFIER = "efrei.EFREI-SwiftProject";
				PRODUCT_NAME = "$(TARGET_NAME)";
				SWIFT_EMIT_LOC_STRINGS = YES;
				SWIFT_VERSION = 5.0;
				TARGETED_DEVICE_FAMILY = "1,2";
			};
			name = Debug;
		};
		F8A437A827BAA57B009A7958 /* Release */ = {
			isa = XCBuildConfiguration;
			buildSettings = {
				ASSETCATALOG_COMPILER_APPICON_NAME = AppIcon;
				ASSETCATALOG_COMPILER_GLOBAL_ACCENT_COLOR_NAME = AccentColor;
				CODE_SIGN_STYLE = Automatic;
				CURRENT_PROJECT_VERSION = 1;
				DEVELOPMENT_ASSET_PATHS = "\"EFREI-SwiftProject/Preview Content\"";
				ENABLE_PREVIEWS = YES;
				GENERATE_INFOPLIST_FILE = YES;
				INFOPLIST_KEY_UIApplicationSceneManifest_Generation = YES;
				INFOPLIST_KEY_UIApplicationSupportsIndirectInputEvents = YES;
				INFOPLIST_KEY_UILaunchScreen_Generation = YES;
				INFOPLIST_KEY_UISupportedInterfaceOrientations_iPad = "UIInterfaceOrientationPortrait UIInterfaceOrientationPortraitUpsideDown UIInterfaceOrientationLandscapeLeft UIInterfaceOrientationLandscapeRight";
				INFOPLIST_KEY_UISupportedInterfaceOrientations_iPhone = "UIInterfaceOrientationPortrait UIInterfaceOrientationLandscapeLeft UIInterfaceOrientationLandscapeRight";
				LD_RUNPATH_SEARCH_PATHS = (
					"$(inherited)",
					"@executable_path/Frameworks",
				);
				MARKETING_VERSION = 1.0;
				PRODUCT_BUNDLE_IDENTIFIER = "efrei.EFREI-SwiftProject";
				PRODUCT_NAME = "$(TARGET_NAME)";
				SWIFT_EMIT_LOC_STRINGS = YES;
				SWIFT_VERSION = 5.0;
				TARGETED_DEVICE_FAMILY = "1,2";
			};
			name = Release;
		};
		F8A437AA27BAA57B009A7958 /* Debug */ = {
			isa = XCBuildConfiguration;
			buildSettings = {
				ALWAYS_EMBED_SWIFT_STANDARD_LIBRARIES = YES;
				BUNDLE_LOADER = "$(TEST_HOST)";
				CODE_SIGN_STYLE = Automatic;
				CURRENT_PROJECT_VERSION = 1;
				GENERATE_INFOPLIST_FILE = YES;
				IPHONEOS_DEPLOYMENT_TARGET = 15.2;
				MARKETING_VERSION = 1.0;
				PRODUCT_BUNDLE_IDENTIFIER = "efrei.EFREI-SwiftProjectTests";
				PRODUCT_NAME = "$(TARGET_NAME)";
				SWIFT_EMIT_LOC_STRINGS = NO;
				SWIFT_VERSION = 5.0;
				TARGETED_DEVICE_FAMILY = "1,2";
				TEST_HOST = "$(BUILT_PRODUCTS_DIR)/EFREI-SwiftProject.app/EFREI-SwiftProject";
			};
			name = Debug;
		};
		F8A437AB27BAA57B009A7958 /* Release */ = {
			isa = XCBuildConfiguration;
			buildSettings = {
				ALWAYS_EMBED_SWIFT_STANDARD_LIBRARIES = YES;
				BUNDLE_LOADER = "$(TEST_HOST)";
				CODE_SIGN_STYLE = Automatic;
				CURRENT_PROJECT_VERSION = 1;
				GENERATE_INFOPLIST_FILE = YES;
				IPHONEOS_DEPLOYMENT_TARGET = 15.2;
				MARKETING_VERSION = 1.0;
				PRODUCT_BUNDLE_IDENTIFIER = "efrei.EFREI-SwiftProjectTests";
				PRODUCT_NAME = "$(TARGET_NAME)";
				SWIFT_EMIT_LOC_STRINGS = NO;
				SWIFT_VERSION = 5.0;
				TARGETED_DEVICE_FAMILY = "1,2";
				TEST_HOST = "$(BUILT_PRODUCTS_DIR)/EFREI-SwiftProject.app/EFREI-SwiftProject";
			};
			name = Release;
		};
		F8A437AD27BAA57B009A7958 /* Debug */ = {
			isa = XCBuildConfiguration;
			buildSettings = {
				ALWAYS_EMBED_SWIFT_STANDARD_LIBRARIES = YES;
				CODE_SIGN_STYLE = Automatic;
				CURRENT_PROJECT_VERSION = 1;
				GENERATE_INFOPLIST_FILE = YES;
				MARKETING_VERSION = 1.0;
				PRODUCT_BUNDLE_IDENTIFIER = "efrei.EFREI-SwiftProjectUITests";
				PRODUCT_NAME = "$(TARGET_NAME)";
				SWIFT_EMIT_LOC_STRINGS = NO;
				SWIFT_VERSION = 5.0;
				TARGETED_DEVICE_FAMILY = "1,2";
				TEST_TARGET_NAME = "EFREI-SwiftProject";
			};
			name = Debug;
		};
		F8A437AE27BAA57B009A7958 /* Release */ = {
			isa = XCBuildConfiguration;
			buildSettings = {
				ALWAYS_EMBED_SWIFT_STANDARD_LIBRARIES = YES;
				CODE_SIGN_STYLE = Automatic;
				CURRENT_PROJECT_VERSION = 1;
				GENERATE_INFOPLIST_FILE = YES;
				MARKETING_VERSION = 1.0;
				PRODUCT_BUNDLE_IDENTIFIER = "efrei.EFREI-SwiftProjectUITests";
				PRODUCT_NAME = "$(TARGET_NAME)";
				SWIFT_EMIT_LOC_STRINGS = NO;
				SWIFT_VERSION = 5.0;
				TARGETED_DEVICE_FAMILY = "1,2";
				TEST_TARGET_NAME = "EFREI-SwiftProject";
			};
			name = Release;
		};
/* End XCBuildConfiguration section */

/* Begin XCConfigurationList section */
		F8A4377D27BAA579009A7958 /* Build configuration list for PBXProject "EFREI-SwiftProject" */ = {
			isa = XCConfigurationList;
			buildConfigurations = (
				F8A437A427BAA57B009A7958 /* Debug */,
				F8A437A527BAA57B009A7958 /* Release */,
			);
			defaultConfigurationIsVisible = 0;
			defaultConfigurationName = Release;
		};
		F8A437A627BAA57B009A7958 /* Build configuration list for PBXNativeTarget "EFREI-SwiftProject" */ = {
			isa = XCConfigurationList;
			buildConfigurations = (
				F8A437A727BAA57B009A7958 /* Debug */,
				F8A437A827BAA57B009A7958 /* Release */,
			);
			defaultConfigurationIsVisible = 0;
			defaultConfigurationName = Release;
		};
		F8A437A927BAA57B009A7958 /* Build configuration list for PBXNativeTarget "EFREI-SwiftProjectTests" */ = {
			isa = XCConfigurationList;
			buildConfigurations = (
				F8A437AA27BAA57B009A7958 /* Debug */,
				F8A437AB27BAA57B009A7958 /* Release */,
			);
			defaultConfigurationIsVisible = 0;
			defaultConfigurationName = Release;
		};
		F8A437AC27BAA57B009A7958 /* Build configuration list for PBXNativeTarget "EFREI-SwiftProjectUITests" */ = {
			isa = XCConfigurationList;
			buildConfigurations = (
				F8A437AD27BAA57B009A7958 /* Debug */,
				F8A437AE27BAA57B009A7958 /* Release */,
			);
			defaultConfigurationIsVisible = 0;
			defaultConfigurationName = Release;
		};
/* End XCConfigurationList section */
	};
	rootObject = F8A4377A27BAA579009A7958 /* Project object */;
}
